// !$*UTF8*$!
{
	archiveVersion = 1;
	classes = {
	};
	objectVersion = 46;
	objects = {

/* Begin PBXBuildFile section */
		2A6AD4CB1E41B95500D2790F /* AppDelegate.swift in Sources */ = {isa = PBXBuildFile; fileRef = 2A6AD4CA1E41B95500D2790F /* AppDelegate.swift */; };
		2A6AD4CD1E41B95500D2790F /* ViewController.swift in Sources */ = {isa = PBXBuildFile; fileRef = 2A6AD4CC1E41B95500D2790F /* ViewController.swift */; };
		2A6AD4D01E41B95500D2790F /* Main.storyboard in Resources */ = {isa = PBXBuildFile; fileRef = 2A6AD4CE1E41B95500D2790F /* Main.storyboard */; };
		2A6AD4D21E41B95500D2790F /* Assets.xcassets in Resources */ = {isa = PBXBuildFile; fileRef = 2A6AD4D11E41B95500D2790F /* Assets.xcassets */; };
		2A6AD4D51E41B95500D2790F /* LaunchScreen.storyboard in Resources */ = {isa = PBXBuildFile; fileRef = 2A6AD4D31E41B95500D2790F /* LaunchScreen.storyboard */; };
		2A6AD4E01E41B95500D2790F /* ImageCropperTests.swift in Sources */ = {isa = PBXBuildFile; fileRef = 2A6AD4DF1E41B95500D2790F /* ImageCropperTests.swift */; };
		2A6AD4EB1E41B95500D2790F /* ImageCropperUITests.swift in Sources */ = {isa = PBXBuildFile; fileRef = 2A6AD4EA1E41B95500D2790F /* ImageCropperUITests.swift */; };
		2A724A481E41B9E9007FE1BB /* AKImageCropperOverlayView.swift in Sources */ = {isa = PBXBuildFile; fileRef = 2A724A3F1E41B9E9007FE1BB /* AKImageCropperOverlayView.swift */; };
		2A724A491E41B9E9007FE1BB /* AKImageCropperScollView.swift in Sources */ = {isa = PBXBuildFile; fileRef = 2A724A401E41B9E9007FE1BB /* AKImageCropperScollView.swift */; };
		2A724A4A1E41B9E9007FE1BB /* AKImageCropperTouchView.swift in Sources */ = {isa = PBXBuildFile; fileRef = 2A724A411E41B9E9007FE1BB /* AKImageCropperTouchView.swift */; };
		2A724A4B1E41B9E9007FE1BB /* AKImageCropperView.swift in Sources */ = {isa = PBXBuildFile; fileRef = 2A724A421E41B9E9007FE1BB /* AKImageCropperView.swift */; };
		2A724A4C1E41B9E9007FE1BB /* CGFloat.swift in Sources */ = {isa = PBXBuildFile; fileRef = 2A724A441E41B9E9007FE1BB /* CGFloat.swift */; };
		2A724A4D1E41B9E9007FE1BB /* CGRect.swift in Sources */ = {isa = PBXBuildFile; fileRef = 2A724A451E41B9E9007FE1BB /* CGRect.swift */; };
		2A724A4E1E41B9E9007FE1BB /* UIColor.swift in Sources */ = {isa = PBXBuildFile; fileRef = 2A724A461E41B9E9007FE1BB /* UIColor.swift */; };
		2A724A4F1E41B9E9007FE1BB /* UIImage.swift in Sources */ = {isa = PBXBuildFile; fileRef = 2A724A471E41B9E9007FE1BB /* UIImage.swift */; };
		2A724A511E41BA56007FE1BB /* IMG_4886.jpg in Resources */ = {isa = PBXBuildFile; fileRef = 2A724A501E41BA56007FE1BB /* IMG_4886.jpg */; };
		2A724A531E41BA5E007FE1BB /* shumpei.jpg in Resources */ = {isa = PBXBuildFile; fileRef = 2A724A521E41BA5E007FE1BB /* shumpei.jpg */; };
/* End PBXBuildFile section */

/* Begin PBXContainerItemProxy section */
		2A6AD4DC1E41B95500D2790F /* PBXContainerItemProxy */ = {
			isa = PBXContainerItemProxy;
			containerPortal = 2A6AD4BF1E41B95500D2790F /* Project object */;
			proxyType = 1;
			remoteGlobalIDString = 2A6AD4C61E41B95500D2790F;
			remoteInfo = ImageCropper;
		};
		2A6AD4E71E41B95500D2790F /* PBXContainerItemProxy */ = {
			isa = PBXContainerItemProxy;
			containerPortal = 2A6AD4BF1E41B95500D2790F /* Project object */;
			proxyType = 1;
			remoteGlobalIDString = 2A6AD4C61E41B95500D2790F;
			remoteInfo = ImageCropper;
		};
/* End PBXContainerItemProxy section */

/* Begin PBXFileReference section */
		2A6AD4C71E41B95500D2790F /* ImageCropper.app */ = {isa = PBXFileReference; explicitFileType = wrapper.application; includeInIndex = 0; path = ImageCropper.app; sourceTree = BUILT_PRODUCTS_DIR; };
		2A6AD4CA1E41B95500D2790F /* AppDelegate.swift */ = {isa = PBXFileReference; lastKnownFileType = sourcecode.swift; path = AppDelegate.swift; sourceTree = "<group>"; };
		2A6AD4CC1E41B95500D2790F /* ViewController.swift */ = {isa = PBXFileReference; lastKnownFileType = sourcecode.swift; path = ViewController.swift; sourceTree = "<group>"; };
		2A6AD4CF1E41B95500D2790F /* Base */ = {isa = PBXFileReference; lastKnownFileType = file.storyboard; name = Base; path = Base.lproj/Main.storyboard; sourceTree = "<group>"; };
		2A6AD4D11E41B95500D2790F /* Assets.xcassets */ = {isa = PBXFileReference; lastKnownFileType = folder.assetcatalog; path = Assets.xcassets; sourceTree = "<group>"; };
		2A6AD4D41E41B95500D2790F /* Base */ = {isa = PBXFileReference; lastKnownFileType = file.storyboard; name = Base; path = Base.lproj/LaunchScreen.storyboard; sourceTree = "<group>"; };
		2A6AD4D61E41B95500D2790F /* Info.plist */ = {isa = PBXFileReference; lastKnownFileType = text.plist.xml; path = Info.plist; sourceTree = "<group>"; };
		2A6AD4DB1E41B95500D2790F /* ImageCropperTests.xctest */ = {isa = PBXFileReference; explicitFileType = wrapper.cfbundle; includeInIndex = 0; path = ImageCropperTests.xctest; sourceTree = BUILT_PRODUCTS_DIR; };
		2A6AD4DF1E41B95500D2790F /* ImageCropperTests.swift */ = {isa = PBXFileReference; lastKnownFileType = sourcecode.swift; path = ImageCropperTests.swift; sourceTree = "<group>"; };
		2A6AD4E11E41B95500D2790F /* Info.plist */ = {isa = PBXFileReference; lastKnownFileType = text.plist.xml; path = Info.plist; sourceTree = "<group>"; };
		2A6AD4E61E41B95500D2790F /* ImageCropperUITests.xctest */ = {isa = PBXFileReference; explicitFileType = wrapper.cfbundle; includeInIndex = 0; path = ImageCropperUITests.xctest; sourceTree = BUILT_PRODUCTS_DIR; };
		2A6AD4EA1E41B95500D2790F /* ImageCropperUITests.swift */ = {isa = PBXFileReference; lastKnownFileType = sourcecode.swift; path = ImageCropperUITests.swift; sourceTree = "<group>"; };
		2A6AD4EC1E41B95500D2790F /* Info.plist */ = {isa = PBXFileReference; lastKnownFileType = text.plist.xml; path = Info.plist; sourceTree = "<group>"; };
		2A724A3F1E41B9E9007FE1BB /* AKImageCropperOverlayView.swift */ = {isa = PBXFileReference; fileEncoding = 4; lastKnownFileType = sourcecode.swift; path = AKImageCropperOverlayView.swift; sourceTree = "<group>"; };
		2A724A401E41B9E9007FE1BB /* AKImageCropperScollView.swift */ = {isa = PBXFileReference; fileEncoding = 4; lastKnownFileType = sourcecode.swift; path = AKImageCropperScollView.swift; sourceTree = "<group>"; };
		2A724A411E41B9E9007FE1BB /* AKImageCropperTouchView.swift */ = {isa = PBXFileReference; fileEncoding = 4; lastKnownFileType = sourcecode.swift; path = AKImageCropperTouchView.swift; sourceTree = "<group>"; };
		2A724A421E41B9E9007FE1BB /* AKImageCropperView.swift */ = {isa = PBXFileReference; fileEncoding = 4; lastKnownFileType = sourcecode.swift; path = AKImageCropperView.swift; sourceTree = "<group>"; };
		2A724A441E41B9E9007FE1BB /* CGFloat.swift */ = {isa = PBXFileReference; fileEncoding = 4; lastKnownFileType = sourcecode.swift; path = CGFloat.swift; sourceTree = "<group>"; };
		2A724A451E41B9E9007FE1BB /* CGRect.swift */ = {isa = PBXFileReference; fileEncoding = 4; lastKnownFileType = sourcecode.swift; path = CGRect.swift; sourceTree = "<group>"; };
		2A724A461E41B9E9007FE1BB /* UIColor.swift */ = {isa = PBXFileReference; fileEncoding = 4; lastKnownFileType = sourcecode.swift; path = UIColor.swift; sourceTree = "<group>"; };
		2A724A471E41B9E9007FE1BB /* UIImage.swift */ = {isa = PBXFileReference; fileEncoding = 4; lastKnownFileType = sourcecode.swift; path = UIImage.swift; sourceTree = "<group>"; };
		2A724A501E41BA56007FE1BB /* IMG_4886.jpg */ = {isa = PBXFileReference; lastKnownFileType = image.jpeg; path = IMG_4886.jpg; sourceTree = "<group>"; };
		2A724A521E41BA5E007FE1BB /* shumpei.jpg */ = {isa = PBXFileReference; lastKnownFileType = image.jpeg; path = shumpei.jpg; sourceTree = "<group>"; };
/* End PBXFileReference section */

/* Begin PBXFrameworksBuildPhase section */
		2A6AD4C41E41B95500D2790F /* Frameworks */ = {
			isa = PBXFrameworksBuildPhase;
			buildActionMask = 2147483647;
			files = (
			);
			runOnlyForDeploymentPostprocessing = 0;
		};
		2A6AD4D81E41B95500D2790F /* Frameworks */ = {
			isa = PBXFrameworksBuildPhase;
			buildActionMask = 2147483647;
			files = (
			);
			runOnlyForDeploymentPostprocessing = 0;
		};
		2A6AD4E31E41B95500D2790F /* Frameworks */ = {
			isa = PBXFrameworksBuildPhase;
			buildActionMask = 2147483647;
			files = (
			);
			runOnlyForDeploymentPostprocessing = 0;
		};
/* End PBXFrameworksBuildPhase section */

/* Begin PBXGroup section */
		2A6AD4BE1E41B95500D2790F = {
			isa = PBXGroup;
			children = (
				2A6AD4C91E41B95500D2790F /* ImageCropper */,
				2A6AD4DE1E41B95500D2790F /* ImageCropperTests */,
				2A6AD4E91E41B95500D2790F /* ImageCropperUITests */,
				2A6AD4C81E41B95500D2790F /* Products */,
			);
			sourceTree = "<group>";
		};
		2A6AD4C81E41B95500D2790F /* Products */ = {
			isa = PBXGroup;
			children = (
				2A6AD4C71E41B95500D2790F /* ImageCropper.app */,
				2A6AD4DB1E41B95500D2790F /* ImageCropperTests.xctest */,
				2A6AD4E61E41B95500D2790F /* ImageCropperUITests.xctest */,
			);
			name = Products;
			sourceTree = "<group>";
		};
		2A6AD4C91E41B95500D2790F /* ImageCropper */ = {
			isa = PBXGroup;
			children = (
				2A724A521E41BA5E007FE1BB /* shumpei.jpg */,
				2A724A3E1E41B9E9007FE1BB /* AKImageCropper */,
				2A6AD4CA1E41B95500D2790F /* AppDelegate.swift */,
				2A6AD4CC1E41B95500D2790F /* ViewController.swift */,
				2A6AD4CE1E41B95500D2790F /* Main.storyboard */,
				2A6AD4D11E41B95500D2790F /* Assets.xcassets */,
				2A6AD4D31E41B95500D2790F /* LaunchScreen.storyboard */,
				2A6AD4D61E41B95500D2790F /* Info.plist */,
			);
			path = ImageCropper;
			sourceTree = "<group>";
		};
		2A6AD4DE1E41B95500D2790F /* ImageCropperTests */ = {
			isa = PBXGroup;
			children = (
				2A6AD4DF1E41B95500D2790F /* ImageCropperTests.swift */,
				2A6AD4E11E41B95500D2790F /* Info.plist */,
			);
			path = ImageCropperTests;
			sourceTree = "<group>";
		};
		2A6AD4E91E41B95500D2790F /* ImageCropperUITests */ = {
			isa = PBXGroup;
			children = (
				2A6AD4EA1E41B95500D2790F /* ImageCropperUITests.swift */,
				2A6AD4EC1E41B95500D2790F /* Info.plist */,
			);
			path = ImageCropperUITests;
			sourceTree = "<group>";
		};
		2A724A3E1E41B9E9007FE1BB /* AKImageCropper */ = {
			isa = PBXGroup;
			children = (
				2A724A501E41BA56007FE1BB /* IMG_4886.jpg */,
				2A724A3F1E41B9E9007FE1BB /* AKImageCropperOverlayView.swift */,
				2A724A401E41B9E9007FE1BB /* AKImageCropperScollView.swift */,
				2A724A411E41B9E9007FE1BB /* AKImageCropperTouchView.swift */,
				2A724A421E41B9E9007FE1BB /* AKImageCropperView.swift */,
				2A724A431E41B9E9007FE1BB /* SwiftExtensions */,
			);
			path = AKImageCropper;
			sourceTree = "<group>";
		};
		2A724A431E41B9E9007FE1BB /* SwiftExtensions */ = {
			isa = PBXGroup;
			children = (
				2A724A441E41B9E9007FE1BB /* CGFloat.swift */,
				2A724A451E41B9E9007FE1BB /* CGRect.swift */,
				2A724A461E41B9E9007FE1BB /* UIColor.swift */,
				2A724A471E41B9E9007FE1BB /* UIImage.swift */,
			);
			path = SwiftExtensions;
			sourceTree = "<group>";
		};
/* End PBXGroup section */

/* Begin PBXNativeTarget section */
		2A6AD4C61E41B95500D2790F /* ImageCropper */ = {
			isa = PBXNativeTarget;
			buildConfigurationList = 2A6AD4EF1E41B95500D2790F /* Build configuration list for PBXNativeTarget "ImageCropper" */;
			buildPhases = (
				2A6AD4C31E41B95500D2790F /* Sources */,
				2A6AD4C41E41B95500D2790F /* Frameworks */,
				2A6AD4C51E41B95500D2790F /* Resources */,
			);
			buildRules = (
			);
			dependencies = (
			);
			name = ImageCropper;
			productName = ImageCropper;
			productReference = 2A6AD4C71E41B95500D2790F /* ImageCropper.app */;
			productType = "com.apple.product-type.application";
		};
		2A6AD4DA1E41B95500D2790F /* ImageCropperTests */ = {
			isa = PBXNativeTarget;
			buildConfigurationList = 2A6AD4F21E41B95500D2790F /* Build configuration list for PBXNativeTarget "ImageCropperTests" */;
			buildPhases = (
				2A6AD4D71E41B95500D2790F /* Sources */,
				2A6AD4D81E41B95500D2790F /* Frameworks */,
				2A6AD4D91E41B95500D2790F /* Resources */,
			);
			buildRules = (
			);
			dependencies = (
				2A6AD4DD1E41B95500D2790F /* PBXTargetDependency */,
			);
			name = ImageCropperTests;
			productName = ImageCropperTests;
			productReference = 2A6AD4DB1E41B95500D2790F /* ImageCropperTests.xctest */;
			productType = "com.apple.product-type.bundle.unit-test";
		};
		2A6AD4E51E41B95500D2790F /* ImageCropperUITests */ = {
			isa = PBXNativeTarget;
			buildConfigurationList = 2A6AD4F51E41B95500D2790F /* Build configuration list for PBXNativeTarget "ImageCropperUITests" */;
			buildPhases = (
				2A6AD4E21E41B95500D2790F /* Sources */,
				2A6AD4E31E41B95500D2790F /* Frameworks */,
				2A6AD4E41E41B95500D2790F /* Resources */,
			);
			buildRules = (
			);
			dependencies = (
				2A6AD4E81E41B95500D2790F /* PBXTargetDependency */,
			);
			name = ImageCropperUITests;
			productName = ImageCropperUITests;
			productReference = 2A6AD4E61E41B95500D2790F /* ImageCropperUITests.xctest */;
			productType = "com.apple.product-type.bundle.ui-testing";
		};
/* End PBXNativeTarget section */

/* Begin PBXProject section */
		2A6AD4BF1E41B95500D2790F /* Project object */ = {
			isa = PBXProject;
			attributes = {
				LastSwiftUpdateCheck = 0820;
				LastUpgradeCheck = 0820;
				ORGANIZATIONNAME = "Ryo Eguchi";
				TargetAttributes = {
					2A6AD4C61E41B95500D2790F = {
						CreatedOnToolsVersion = 8.2.1;
						DevelopmentTeam = ECGZQ9XKG7;
						LastSwiftMigration = 0820;
						ProvisioningStyle = Automatic;
					};
					2A6AD4DA1E41B95500D2790F = {
						CreatedOnToolsVersion = 8.2.1;
						DevelopmentTeam = ECGZQ9XKG7;
						LastSwiftMigration = 0820;
						ProvisioningStyle = Automatic;
						TestTargetID = 2A6AD4C61E41B95500D2790F;
					};
					2A6AD4E51E41B95500D2790F = {
						CreatedOnToolsVersion = 8.2.1;
						DevelopmentTeam = ECGZQ9XKG7;
						LastSwiftMigration = 0820;
						ProvisioningStyle = Automatic;
						TestTargetID = 2A6AD4C61E41B95500D2790F;
					};
				};
			};
			buildConfigurationList = 2A6AD4C21E41B95500D2790F /* Build configuration list for PBXProject "ImageCropper" */;
			compatibilityVersion = "Xcode 3.2";
			developmentRegion = English;
			hasScannedForEncodings = 0;
			knownRegions = (
				en,
				Base,
			);
			mainGroup = 2A6AD4BE1E41B95500D2790F;
			productRefGroup = 2A6AD4C81E41B95500D2790F /* Products */;
			projectDirPath = "";
			projectRoot = "";
			targets = (
				2A6AD4C61E41B95500D2790F /* ImageCropper */,
				2A6AD4DA1E41B95500D2790F /* ImageCropperTests */,
				2A6AD4E51E41B95500D2790F /* ImageCropperUITests */,
			);
		};
/* End PBXProject section */

/* Begin PBXResourcesBuildPhase section */
		2A6AD4C51E41B95500D2790F /* Resources */ = {
			isa = PBXResourcesBuildPhase;
			buildActionMask = 2147483647;
			files = (
				2A724A531E41BA5E007FE1BB /* shumpei.jpg in Resources */,
				2A6AD4D51E41B95500D2790F /* LaunchScreen.storyboard in Resources */,
				2A724A511E41BA56007FE1BB /* IMG_4886.jpg in Resources */,
				2A6AD4D21E41B95500D2790F /* Assets.xcassets in Resources */,
				2A6AD4D01E41B95500D2790F /* Main.storyboard in Resources */,
			);
			runOnlyForDeploymentPostprocessing = 0;
		};
		2A6AD4D91E41B95500D2790F /* Resources */ = {
			isa = PBXResourcesBuildPhase;
			buildActionMask = 2147483647;
			files = (
			);
			runOnlyForDeploymentPostprocessing = 0;
		};
		2A6AD4E41E41B95500D2790F /* Resources */ = {
			isa = PBXResourcesBuildPhase;
			buildActionMask = 2147483647;
			files = (
			);
			runOnlyForDeploymentPostprocessing = 0;
		};
/* End PBXResourcesBuildPhase section */

/* Begin PBXSourcesBuildPhase section */
		2A6AD4C31E41B95500D2790F /* Sources */ = {
			isa = PBXSourcesBuildPhase;
			buildActionMask = 2147483647;
			files = (
				2A724A481E41B9E9007FE1BB /* AKImageCropperOverlayView.swift in Sources */,
				2A724A4F1E41B9E9007FE1BB /* UIImage.swift in Sources */,
				2A724A4A1E41B9E9007FE1BB /* AKImageCropperTouchView.swift in Sources */,
				2A724A4C1E41B9E9007FE1BB /* CGFloat.swift in Sources */,
				2A724A4B1E41B9E9007FE1BB /* AKImageCropperView.swift in Sources */,
				2A724A4E1E41B9E9007FE1BB /* UIColor.swift in Sources */,
				2A6AD4CD1E41B95500D2790F /* ViewController.swift in Sources */,
				2A724A491E41B9E9007FE1BB /* AKImageCropperScollView.swift in Sources */,
				2A6AD4CB1E41B95500D2790F /* AppDelegate.swift in Sources */,
				2A724A4D1E41B9E9007FE1BB /* CGRect.swift in Sources */,
			);
			runOnlyForDeploymentPostprocessing = 0;
		};
		2A6AD4D71E41B95500D2790F /* Sources */ = {
			isa = PBXSourcesBuildPhase;
			buildActionMask = 2147483647;
			files = (
				2A6AD4E01E41B95500D2790F /* ImageCropperTests.swift in Sources */,
			);
			runOnlyForDeploymentPostprocessing = 0;
		};
		2A6AD4E21E41B95500D2790F /* Sources */ = {
			isa = PBXSourcesBuildPhase;
			buildActionMask = 2147483647;
			files = (
				2A6AD4EB1E41B95500D2790F /* ImageCropperUITests.swift in Sources */,
			);
			runOnlyForDeploymentPostprocessing = 0;
		};
/* End PBXSourcesBuildPhase section */

/* Begin PBXTargetDependency section */
		2A6AD4DD1E41B95500D2790F /* PBXTargetDependency */ = {
			isa = PBXTargetDependency;
			target = 2A6AD4C61E41B95500D2790F /* ImageCropper */;
			targetProxy = 2A6AD4DC1E41B95500D2790F /* PBXContainerItemProxy */;
		};
		2A6AD4E81E41B95500D2790F /* PBXTargetDependency */ = {
			isa = PBXTargetDependency;
			target = 2A6AD4C61E41B95500D2790F /* ImageCropper */;
			targetProxy = 2A6AD4E71E41B95500D2790F /* PBXContainerItemProxy */;
		};
/* End PBXTargetDependency section */

/* Begin PBXVariantGroup section */
		2A6AD4CE1E41B95500D2790F /* Main.storyboard */ = {
			isa = PBXVariantGroup;
			children = (
				2A6AD4CF1E41B95500D2790F /* Base */,
			);
			name = Main.storyboard;
			sourceTree = "<group>";
		};
		2A6AD4D31E41B95500D2790F /* LaunchScreen.storyboard */ = {
			isa = PBXVariantGroup;
			children = (
				2A6AD4D41E41B95500D2790F /* Base */,
			);
			name = LaunchScreen.storyboard;
			sourceTree = "<group>";
		};
/* End PBXVariantGroup section */

/* Begin XCBuildConfiguration section */
		2A6AD4ED1E41B95500D2790F /* Debug */ = {
			isa = XCBuildConfiguration;
			buildSettings = {
				ALWAYS_SEARCH_USER_PATHS = NO;
				CLANG_ANALYZER_NONNULL = YES;
				CLANG_CXX_LANGUAGE_STANDARD = "gnu++0x";
				CLANG_CXX_LIBRARY = "libc++";
				CLANG_ENABLE_MODULES = YES;
				CLANG_ENABLE_OBJC_ARC = YES;
				CLANG_WARN_BOOL_CONVERSION = YES;
				CLANG_WARN_CONSTANT_CONVERSION = YES;
				CLANG_WARN_DIRECT_OBJC_ISA_USAGE = YES_ERROR;
				CLANG_WARN_DOCUMENTATION_COMMENTS = YES;
				CLANG_WARN_EMPTY_BODY = YES;
				CLANG_WARN_ENUM_CONVERSION = YES;
				CLANG_WARN_INFINITE_RECURSION = YES;
				CLANG_WARN_INT_CONVERSION = YES;
				CLANG_WARN_OBJC_ROOT_CLASS = YES_ERROR;
				CLANG_WARN_SUSPICIOUS_MOVE = YES;
				CLANG_WARN_UNREACHABLE_CODE = YES;
				CLANG_WARN__DUPLICATE_METHOD_MATCH = YES;
				"CODE_SIGN_IDENTITY[sdk=iphoneos*]" = "iPhone Developer";
				COPY_PHASE_STRIP = NO;
				DEBUG_INFORMATION_FORMAT = dwarf;
				ENABLE_STRICT_OBJC_MSGSEND = YES;
				ENABLE_TESTABILITY = YES;
				GCC_C_LANGUAGE_STANDARD = gnu99;
				GCC_DYNAMIC_NO_PIC = NO;
				GCC_NO_COMMON_BLOCKS = YES;
				GCC_OPTIMIZATION_LEVEL = 0;
				GCC_PREPROCESSOR_DEFINITIONS = (
					"DEBUG=1",
					"$(inherited)",
				);
				GCC_WARN_64_TO_32_BIT_CONVERSION = YES;
				GCC_WARN_ABOUT_RETURN_TYPE = YES_ERROR;
				GCC_WARN_UNDECLARED_SELECTOR = YES;
				GCC_WARN_UNINITIALIZED_AUTOS = YES_AGGRESSIVE;
				GCC_WARN_UNUSED_FUNCTION = YES;
				GCC_WARN_UNUSED_VARIABLE = YES;
				IPHONEOS_DEPLOYMENT_TARGET = 10.2;
				MTL_ENABLE_DEBUG_INFO = YES;
				ONLY_ACTIVE_ARCH = YES;
				SDKROOT = iphoneos;
				SWIFT_ACTIVE_COMPILATION_CONDITIONS = DEBUG;
				SWIFT_OPTIMIZATION_LEVEL = "-Onone";
			};
			name = Debug;
		};
		2A6AD4EE1E41B95500D2790F /* Release */ = {
			isa = XCBuildConfiguration;
			buildSettings = {
				ALWAYS_SEARCH_USER_PATHS = NO;
				CLANG_ANALYZER_NONNULL = YES;
				CLANG_CXX_LANGUAGE_STANDARD = "gnu++0x";
				CLANG_CXX_LIBRARY = "libc++";
				CLANG_ENABLE_MODULES = YES;
				CLANG_ENABLE_OBJC_ARC = YES;
				CLANG_WARN_BOOL_CONVERSION = YES;
				CLANG_WARN_CONSTANT_CONVERSION = YES;
				CLANG_WARN_DIRECT_OBJC_ISA_USAGE = YES_ERROR;
				CLANG_WARN_DOCUMENTATION_COMMENTS = YES;
				CLANG_WARN_EMPTY_BODY = YES;
				CLANG_WARN_ENUM_CONVERSION = YES;
				CLANG_WARN_INFINITE_RECURSION = YES;
				CLANG_WARN_INT_CONVERSION = YES;
				CLANG_WARN_OBJC_ROOT_CLASS = YES_ERROR;
				CLANG_WARN_SUSPICIOUS_MOVE = YES;
				CLANG_WARN_UNREACHABLE_CODE = YES;
				CLANG_WARN__DUPLICATE_METHOD_MATCH = YES;
				"CODE_SIGN_IDENTITY[sdk=iphoneos*]" = "iPhone Developer";
				COPY_PHASE_STRIP = NO;
				DEBUG_INFORMATION_FORMAT = "dwarf-with-dsym";
				ENABLE_NS_ASSERTIONS = NO;
				ENABLE_STRICT_OBJC_MSGSEND = YES;
				GCC_C_LANGUAGE_STANDARD = gnu99;
				GCC_NO_COMMON_BLOCKS = YES;
				GCC_WARN_64_TO_32_BIT_CONVERSION = YES;
				GCC_WARN_ABOUT_RETURN_TYPE = YES_ERROR;
				GCC_WARN_UNDECLARED_SELECTOR = YES;
				GCC_WARN_UNINITIALIZED_AUTOS = YES_AGGRESSIVE;
				GCC_WARN_UNUSED_FUNCTION = YES;
				GCC_WARN_UNUSED_VARIABLE = YES;
				IPHONEOS_DEPLOYMENT_TARGET = 10.2;
				MTL_ENABLE_DEBUG_INFO = NO;
				SDKROOT = iphoneos;
				SWIFT_OPTIMIZATION_LEVEL = "-Owholemodule";
				VALIDATE_PRODUCT = YES;
			};
			name = Release;
		};
		2A6AD4F01E41B95500D2790F /* Debug */ = {
			isa = XCBuildConfiguration;
			buildSettings = {
				ASSETCATALOG_COMPILER_APPICON_NAME = AppIcon;
				DEVELOPMENT_TEAM = ECGZQ9XKG7;
				INFOPLIST_FILE = ImageCropper/Info.plist;
				LD_RUNPATH_SEARCH_PATHS = "$(inherited) @executable_path/Frameworks";
				PRODUCT_BUNDLE_IDENTIFIER = eguchiedu.ImageCropper;
				PRODUCT_NAME = "$(TARGET_NAME)";
				SWIFT_VERSION = 3.0;
			};
			name = Debug;
		};
		2A6AD4F11E41B95500D2790F /* Release */ = {
			isa = XCBuildConfiguration;
			buildSettings = {
				ASSETCATALOG_COMPILER_APPICON_NAME = AppIcon;
				DEVELOPMENT_TEAM = ECGZQ9XKG7;
				INFOPLIST_FILE = ImageCropper/Info.plist;
				LD_RUNPATH_SEARCH_PATHS = "$(inherited) @executable_path/Frameworks";
				PRODUCT_BUNDLE_IDENTIFIER = eguchiedu.ImageCropper;
				PRODUCT_NAME = "$(TARGET_NAME)";
				SWIFT_VERSION = 3.0;
			};
			name = Release;
		};
		2A6AD4F31E41B95500D2790F /* Debug */ = {
			isa = XCBuildConfiguration;
			buildSettings = {
				ALWAYS_EMBED_SWIFT_STANDARD_LIBRARIES = YES;
				BUNDLE_LOADER = "$(TEST_HOST)";
				DEVELOPMENT_TEAM = ECGZQ9XKG7;
				INFOPLIST_FILE = ImageCropperTests/Info.plist;
				LD_RUNPATH_SEARCH_PATHS = "$(inherited) @executable_path/Frameworks @loader_path/Frameworks";
				PRODUCT_BUNDLE_IDENTIFIER = eguchiedu.ImageCropperTests;
				PRODUCT_NAME = "$(TARGET_NAME)";
				SWIFT_VERSION = 3.0;
				TEST_HOST = "$(BUILT_PRODUCTS_DIR)/ImageCropper.app/ImageCropper";
			};
			name = Debug;
		};
		2A6AD4F41E41B95500D2790F /* Release */ = {
			isa = XCBuildConfiguration;
			buildSettings = {
				ALWAYS_EMBED_SWIFT_STANDARD_LIBRARIES = YES;
				BUNDLE_LOADER = "$(TEST_HOST)";
				DEVELOPMENT_TEAM = ECGZQ9XKG7;
				INFOPLIST_FILE = ImageCropperTests/Info.plist;
				LD_RUNPATH_SEARCH_PATHS = "$(inherited) @executable_path/Frameworks @loader_path/Frameworks";
				PRODUCT_BUNDLE_IDENTIFIER = eguchiedu.ImageCropperTests;
				PRODUCT_NAME = "$(TARGET_NAME)";
				SWIFT_VERSION = 3.0;
				TEST_HOST = "$(BUILT_PRODUCTS_DIR)/ImageCropper.app/ImageCropper";
			};
			name = Release;
		};
		2A6AD4F61E41B95500D2790F /* Debug */ = {
			isa = XCBuildConfiguration;
			buildSettings = {
				ALWAYS_EMBED_SWIFT_STANDARD_LIBRARIES = YES;
				DEVELOPMENT_TEAM = ECGZQ9XKG7;
				INFOPLIST_FILE = ImageCropperUITests/Info.plist;
				LD_RUNPATH_SEARCH_PATHS = "$(inherited) @executable_path/Frameworks @loader_path/Frameworks";
				PRODUCT_BUNDLE_IDENTIFIER = eguchiedu.ImageCropperUITests;
				PRODUCT_NAME = "$(TARGET_NAME)";
				SWIFT_VERSION = 3.0;
				TEST_TARGET_NAME = ImageCropper;
			};
			name = Debug;
		};
		2A6AD4F71E41B95500D2790F /* Release */ = {
			isa = XCBuildConfiguration;
			buildSettings = {
				ALWAYS_EMBED_SWIFT_STANDARD_LIBRARIES = YES;
				DEVELOPMENT_TEAM = ECGZQ9XKG7;
				INFOPLIST_FILE = ImageCropperUITests/Info.plist;
				LD_RUNPATH_SEARCH_PATHS = "$(inherited) @executable_path/Frameworks @loader_path/Frameworks";
				PRODUCT_BUNDLE_IDENTIFIER = eguchiedu.ImageCropperUITests;
				PRODUCT_NAME = "$(TARGET_NAME)";
				SWIFT_VERSION = 3.0;
				TEST_TARGET_NAME = ImageCropper;
			};
			name = Release;
		};
/* End XCBuildConfiguration section */

/* Begin XCConfigurationList section */
		2A6AD4C21E41B95500D2790F /* Build configuration list for PBXProject "ImageCropper" */ = {
			isa = XCConfigurationList;
			buildConfigurations = (
				2A6AD4ED1E41B95500D2790F /* Debug */,
				2A6AD4EE1E41B95500D2790F /* Release */,
			);
			defaultConfigurationIsVisible = 0;
			defaultConfigurationName = Release;
		};
		2A6AD4EF1E41B95500D2790F /* Build configuration list for PBXNativeTarget "ImageCropper" */ = {
			isa = XCConfigurationList;
			buildConfigurations = (
				2A6AD4F01E41B95500D2790F /* Debug */,
				2A6AD4F11E41B95500D2790F /* Release */,
			);
			defaultConfigurationIsVisible = 0;
			defaultConfigurationName = Release;
		};
		2A6AD4F21E41B95500D2790F /* Build configuration list for PBXNativeTarget "ImageCropperTests" */ = {
			isa = XCConfigurationList;
			buildConfigurations = (
				2A6AD4F31E41B95500D2790F /* Debug */,
				2A6AD4F41E41B95500D2790F /* Release */,
			);
			defaultConfigurationIsVisible = 0;
			defaultConfigurationName = Release;
		};
		2A6AD4F51E41B95500D2790F /* Build configuration list for PBXNativeTarget "ImageCropperUITests" */ = {
			isa = XCConfigurationList;
			buildConfigurations = (
				2A6AD4F61E41B95500D2790F /* Debug */,
				2A6AD4F71E41B95500D2790F /* Release */,
			);
			defaultConfigurationIsVisible = 0;
			defaultConfigurationName = Release;
		};
/* End XCConfigurationList section */
	};
	rootObject = 2A6AD4BF1E41B95500D2790F /* Project object */;
}
